PODS:
  - Alamofire (5.1.0)
  - Charts (3.4.0):
    - Charts/Core (= 3.4.0)
  - Charts/Core (3.4.0)
  - SwiftSpinner (2.1.0)
  - SwiftyJSON (5.0.0)
  - Toast-Swift (5.0.1)
  - XLPagerTabStrip (9.0.0)

DEPENDENCIES:
  - Alamofire
  - Charts
  - SwiftSpinner
  - SwiftyJSON
  - Toast-Swift (~> 5.0.0)
  - XLPagerTabStrip (~> 9.0)

SPEC REPOS:
  trunk:
    - Alamofire
    - Charts
    - SwiftSpinner
    - SwiftyJSON
    - Toast-Swift
    - XLPagerTabStrip

SPEC CHECKSUMS:
  Alamofire: 9d5c5f602928e512395b30950c5984eca840093c
  Charts: 74c9f256eaf0460c0c416522d1cf8c634ea6b286
  SwiftSpinner: 0f15c006307f8d8bbac075638927ec1361b565d7
  SwiftyJSON: 36413e04c44ee145039d332b4f4e2d3e8d6c4db7
  Toast-Swift: 9b6a70f28b3bf0b96c40d46c0c4b9d6639846711
  XLPagerTabStrip: 61c57fd61f611ee5f01ff1495ad6fbee8bf496c5

PODFILE CHECKSUM: a37b34512774bce5bdba93ac4dc51cb2f77c4f76

COCOAPODS: 1.9.1
